
Microsoft Visual Studio Solution File, Format Version 12.00
# Visual Studio Version 17
VisualStudioVersion = 17.10.34916.146
MinimumVisualStudioVersion = 10.0.40219.1
Project("{FAE04EC0-301F-11D3-BF4B-00C04F79EFBC}") = "PasswordHasher", "PasswordHasher.csproj", "{99C0B34D-BFA7-4986-87A6-9A952AEC716D}"
EndProject
Global
	GlobalSection(SolutionConfigurationPlatforms) = preSolution
		Debug|Any CPU = Debug|Any CPU
		Release|Any CPU = Release|Any CPU
	EndGlobalSection
	GlobalSection(ProjectConfigurationPlatforms) = postSolution
		{99C0B34D-BFA7-4986-87A6-9A952AEC716D}.Debug|Any CPU.ActiveCfg = Debug|Any CPU
		{99C0B34D-BFA7-4986-87A6-9A952AEC716D}.Debug|Any CPU.Build.0 = Debug|Any CPU
		{99C0B34D-BFA7-4986-87A6-9A952AEC716D}.Release|Any CPU.ActiveCfg = Release|Any CPU
		{99C0B34D-BFA7-4986-87A6-9A952AEC716D}.Release|Any CPU.Build.0 = Release|Any CPU
	EndGlobalSection
	GlobalSection(SolutionProperties) = preSolution
		HideSolutionNode = FALSE
	EndGlobalSection
	GlobalSection(ExtensibilityGlobals) = postSolution
		SolutionGuid = {A2338505-AEB1-441A-9202-F5EE0791A8BF}
	EndGlobalSection
EndGlobal
